
Microsoft Visual Studio Solution File, Format Version 12.00
# Visual Studio 15
VisualStudioVersion = 15.0.27703.2035
MinimumVisualStudioVersion = 10.0.40219.1
Project("{9A19103F-16F7-4668-BE54-9A1E7A4F7556}") = "Nackowskis", "Nackowskis\Nackowskis.csproj", "{CA7314E0-A4C1-4426-BB70-EAEB5B943DD0}"
EndProject
Global
	GlobalSection(SolutionConfigurationPlatforms) = preSolution
		Debug|Any CPU = Debug|Any CPU
		Release|Any CPU = Release|Any CPU
	EndGlobalSection
	GlobalSection(ProjectConfigurationPlatforms) = postSolution
		{CA7314E0-A4C1-4426-BB70-EAEB5B943DD0}.Debug|Any CPU.ActiveCfg = Debug|Any CPU
		{CA7314E0-A4C1-4426-BB70-EAEB5B943DD0}.Debug|Any CPU.Build.0 = Debug|Any CPU
		{CA7314E0-A4C1-4426-BB70-EAEB5B943DD0}.Release|Any CPU.ActiveCfg = Release|Any CPU
		{CA7314E0-A4C1-4426-BB70-EAEB5B943DD0}.Release|Any CPU.Build.0 = Release|Any CPU
	EndGlobalSection
	GlobalSection(SolutionProperties) = preSolution
		HideSolutionNode = FALSE
	EndGlobalSection
	GlobalSection(ExtensibilityGlobals) = postSolution
		SolutionGuid = {2E578CC5-F762-4305-BED8-09EBEB6A5FC7}
	EndGlobalSection
EndGlobal
